Microsoft Visual Studio Solution File, Format Version 12.00
# Visual Studio Version 17
VisualStudioVersion = 17.5.33530.505
MinimumVisualStudioVersion = 10.0.40219.1
Project("{9A19103F-16F7-4668-BE54-9A1E7A4F7556}") = "Client", "src\Client\Client.csproj", "{580892B3-2618-4CDF-A507-1B8216B6F69D}"
EndProject
Project("{9A19103F-16F7-4668-BE54-9A1E7A4F7556}") = "Server", "src\Server\Server.csproj", "{51DA6C8A-9E41-4759-BF45-4C1DEE8E8F9A}"
EndProject
Project("{FAE04EC0-301F-11D3-BF4B-00C04F79EFBC}") = "Common", "src\Common\Common.csproj", "{BBDD9D73-6AD9-4EFA-8E98-499F0E74369C}"
EndProject
Project("{FAE04EC0-301F-11D3-BF4B-00C04F79EFBC}") = "Simulador", "src\Simulador\Simulador.csproj", "{2E21B798-EED3-4756-A3A5-BEBA21A0E431}"
EndProject
Global
	GlobalSection(SolutionConfigurationPlatforms) = preSolution
		Debug|Any CPU = Debug|Any CPU
		Release|Any CPU = Release|Any CPU
	EndGlobalSection
	GlobalSection(ProjectConfigurationPlatforms) = postSolution
		{580892B3-2618-4CDF-A507-1B8216B6F69D}.Debug|Any CPU.ActiveCfg = Debug|Any CPU
		{580892B3-2618-4CDF-A507-1B8216B6F69D}.Debug|Any CPU.Build.0 = Debug|Any CPU
		{580892B3-2618-4CDF-A507-1B8216B6F69D}.Release|Any CPU.ActiveCfg = Release|Any CPU
		{580892B3-2618-4CDF-A507-1B8216B6F69D}.Release|Any CPU.Build.0 = Release|Any CPU
		{51DA6C8A-9E41-4759-BF45-4C1DEE8E8F9A}.Debug|Any CPU.ActiveCfg = Debug|Any CPU
		{51DA6C8A-9E41-4759-BF45-4C1DEE8E8F9A}.Debug|Any CPU.Build.0 = Debug|Any CPU
		{51DA6C8A-9E41-4759-BF45-4C1DEE8E8F9A}.Release|Any CPU.ActiveCfg = Release|Any CPU
		{51DA6C8A-9E41-4759-BF45-4C1DEE8E8F9A}.Release|Any CPU.Build.0 = Release|Any CPU
		{BBDD9D73-6AD9-4EFA-8E98-499F0E74369C}.Debug|Any CPU.ActiveCfg = Debug|Any CPU
		{BBDD9D73-6AD9-4EFA-8E98-499F0E74369C}.Debug|Any CPU.Build.0 = Debug|Any CPU
		{BBDD9D73-6AD9-4EFA-8E98-499F0E74369C}.Release|Any CPU.ActiveCfg = Release|Any CPU
		{BBDD9D73-6AD9-4EFA-8E98-499F0E74369C}.Release|Any CPU.Build.0 = Release|Any CPU
		{2E21B798-EED3-4756-A3A5-BEBA21A0E431}.Debug|Any CPU.ActiveCfg = Debug|Any CPU
		{2E21B798-EED3-4756-A3A5-BEBA21A0E431}.Debug|Any CPU.Build.0 = Debug|Any CPU
		{2E21B798-EED3-4756-A3A5-BEBA21A0E431}.Release|Any CPU.ActiveCfg = Release|Any CPU
		{2E21B798-EED3-4756-A3A5-BEBA21A0E431}.Release|Any CPU.Build.0 = Release|Any CPU
	EndGlobalSection
	GlobalSection(SolutionProperties) = preSolution
		HideSolutionNode = FALSE
	EndGlobalSection
	GlobalSection(ExtensibilityGlobals) = postSolution
		SolutionGuid = {4D884AF4-7783-4AAC-A308-8E995A8A6F01}
	EndGlobalSection
EndGlobal
